
Microsoft Visual Studio Solution File, Format Version 12.00
# Visual Studio Version 17
VisualStudioVersion = 17.3.32819.101
MinimumVisualStudioVersion = 10.0.40219.1
Project("{FAE04EC0-301F-11D3-BF4B-00C04F79EFBC}") = "Okulpdf", "Okulpdf\Okulpdf.csproj", "{9562D311-C2AB-41A4-8025-2F9CCE8D2F72}"
EndProject
Global
	GlobalSection(SolutionConfigurationPlatforms) = preSolution
		Debug|Any CPU = Debug|Any CPU
		Release|Any CPU = Release|Any CPU
	EndGlobalSection
	GlobalSection(ProjectConfigurationPlatforms) = postSolution
		{9562D311-C2AB-41A4-8025-2F9CCE8D2F72}.Debug|Any CPU.ActiveCfg = Debug|Any CPU
		{9562D311-C2AB-41A4-8025-2F9CCE8D2F72}.Debug|Any CPU.Build.0 = Debug|Any CPU
		{9562D311-C2AB-41A4-8025-2F9CCE8D2F72}.Release|Any CPU.ActiveCfg = Release|Any CPU
		{9562D311-C2AB-41A4-8025-2F9CCE8D2F72}.Release|Any CPU.Build.0 = Release|Any CPU
	EndGlobalSection
	GlobalSection(SolutionProperties) = preSolution
		HideSolutionNode = FALSE
	EndGlobalSection
	GlobalSection(ExtensibilityGlobals) = postSolution
		SolutionGuid = {EF0F4B0B-96D4-4FF0-BF82-DCD8D6FED5B7}
	EndGlobalSection
EndGlobal
