
Microsoft Visual Studio Solution File, Format Version 12.00
# Visual Studio Version 17
VisualStudioVersion = 17.3.32819.101
MinimumVisualStudioVersion = 10.0.40219.1
Project("{FAE04EC0-301F-11D3-BF4B-00C04F79EFBC}") = "IseAlim", "IseAlim\IseAlim.csproj", "{490CB9FA-8777-4768-8420-B8BC8B88C824}"
EndProject
Global
	GlobalSection(SolutionConfigurationPlatforms) = preSolution
		Debug|Any CPU = Debug|Any CPU
		Release|Any CPU = Release|Any CPU
	EndGlobalSection
	GlobalSection(ProjectConfigurationPlatforms) = postSolution
		{490CB9FA-8777-4768-8420-B8BC8B88C824}.Debug|Any CPU.ActiveCfg = Debug|Any CPU
		{490CB9FA-8777-4768-8420-B8BC8B88C824}.Debug|Any CPU.Build.0 = Debug|Any CPU
		{490CB9FA-8777-4768-8420-B8BC8B88C824}.Release|Any CPU.ActiveCfg = Release|Any CPU
		{490CB9FA-8777-4768-8420-B8BC8B88C824}.Release|Any CPU.Build.0 = Release|Any CPU
	EndGlobalSection
	GlobalSection(SolutionProperties) = preSolution
		HideSolutionNode = FALSE
	EndGlobalSection
	GlobalSection(ExtensibilityGlobals) = postSolution
		SolutionGuid = {55362DD2-21C4-4B5C-84FD-CEE8B903EB41}
	EndGlobalSection
EndGlobal
