
Microsoft Visual Studio Solution File, Format Version 12.00
# Visual Studio Version 17
VisualStudioVersion = 17.3.32819.101
MinimumVisualStudioVersion = 10.0.40219.1
Project("{FAE04EC0-301F-11D3-BF4B-00C04F79EFBC}") = "Marketuyg", "Marketuyg\Marketuyg.csproj", "{D1CCA4DC-D034-4F25-8F30-32F1BE840743}"
EndProject
Global
	GlobalSection(SolutionConfigurationPlatforms) = preSolution
		Debug|Any CPU = Debug|Any CPU
		Release|Any CPU = Release|Any CPU
	EndGlobalSection
	GlobalSection(ProjectConfigurationPlatforms) = postSolution
		{D1CCA4DC-D034-4F25-8F30-32F1BE840743}.Debug|Any CPU.ActiveCfg = Debug|Any CPU
		{D1CCA4DC-D034-4F25-8F30-32F1BE840743}.Debug|Any CPU.Build.0 = Debug|Any CPU
		{D1CCA4DC-D034-4F25-8F30-32F1BE840743}.Release|Any CPU.ActiveCfg = Release|Any CPU
		{D1CCA4DC-D034-4F25-8F30-32F1BE840743}.Release|Any CPU.Build.0 = Release|Any CPU
	EndGlobalSection
	GlobalSection(SolutionProperties) = preSolution
		HideSolutionNode = FALSE
	EndGlobalSection
	GlobalSection(ExtensibilityGlobals) = postSolution
		SolutionGuid = {A0495357-4E2A-4632-A9C1-D4932AB63515}
	EndGlobalSection
EndGlobal
