
Microsoft Visual Studio Solution File, Format Version 12.00
# Visual Studio Version 17
VisualStudioVersion = 17.3.32819.101
MinimumVisualStudioVersion = 10.0.40219.1
Project("{FAE04EC0-301F-11D3-BF4B-00C04F79EFBC}") = "Fordongusu", "Fordongusu\Fordongusu.csproj", "{C3B083E1-B346-4C5A-8D08-0C8CB042B88F}"
EndProject
Global
	GlobalSection(SolutionConfigurationPlatforms) = preSolution
		Debug|Any CPU = Debug|Any CPU
		Release|Any CPU = Release|Any CPU
	EndGlobalSection
	GlobalSection(ProjectConfigurationPlatforms) = postSolution
		{C3B083E1-B346-4C5A-8D08-0C8CB042B88F}.Debug|Any CPU.ActiveCfg = Debug|Any CPU
		{C3B083E1-B346-4C5A-8D08-0C8CB042B88F}.Debug|Any CPU.Build.0 = Debug|Any CPU
		{C3B083E1-B346-4C5A-8D08-0C8CB042B88F}.Release|Any CPU.ActiveCfg = Release|Any CPU
		{C3B083E1-B346-4C5A-8D08-0C8CB042B88F}.Release|Any CPU.Build.0 = Release|Any CPU
	EndGlobalSection
	GlobalSection(SolutionProperties) = preSolution
		HideSolutionNode = FALSE
	EndGlobalSection
	GlobalSection(ExtensibilityGlobals) = postSolution
		SolutionGuid = {611281B3-A14E-4DC7-BF08-00F88AE34EF6}
	EndGlobalSection
EndGlobal
