
Microsoft Visual Studio Solution File, Format Version 12.00
# Visual Studio Version 17
VisualStudioVersion = 17.3.32819.101
MinimumVisualStudioVersion = 10.0.40219.1
Project("{FAE04EC0-301F-11D3-BF4B-00C04F79EFBC}") = "KokSadelestirici", "KokSadelestirici\KokSadelestirici.csproj", "{49C17D7F-0B2A-45D1-9D47-E7344B37E0E5}"
EndProject
Global
	GlobalSection(SolutionConfigurationPlatforms) = preSolution
		Debug|Any CPU = Debug|Any CPU
		Release|Any CPU = Release|Any CPU
	EndGlobalSection
	GlobalSection(ProjectConfigurationPlatforms) = postSolution
		{49C17D7F-0B2A-45D1-9D47-E7344B37E0E5}.Debug|Any CPU.ActiveCfg = Debug|Any CPU
		{49C17D7F-0B2A-45D1-9D47-E7344B37E0E5}.Debug|Any CPU.Build.0 = Debug|Any CPU
		{49C17D7F-0B2A-45D1-9D47-E7344B37E0E5}.Release|Any CPU.ActiveCfg = Release|Any CPU
		{49C17D7F-0B2A-45D1-9D47-E7344B37E0E5}.Release|Any CPU.Build.0 = Release|Any CPU
	EndGlobalSection
	GlobalSection(SolutionProperties) = preSolution
		HideSolutionNode = FALSE
	EndGlobalSection
	GlobalSection(ExtensibilityGlobals) = postSolution
		SolutionGuid = {BB779594-85AC-4F45-B0BE-18A6B7BCB966}
	EndGlobalSection
EndGlobal
