
Microsoft Visual Studio Solution File, Format Version 12.00
# Visual Studio Version 17
VisualStudioVersion = 17.3.32819.101
MinimumVisualStudioVersion = 10.0.40219.1
Project("{FAE04EC0-301F-11D3-BF4B-00C04F79EFBC}") = "Sqllekod", "Sqllekod\Sqllekod.csproj", "{B14C7495-4CD0-449A-B017-D2B9A0D4C894}"
EndProject
Global
	GlobalSection(SolutionConfigurationPlatforms) = preSolution
		Debug|Any CPU = Debug|Any CPU
		Release|Any CPU = Release|Any CPU
	EndGlobalSection
	GlobalSection(ProjectConfigurationPlatforms) = postSolution
		{B14C7495-4CD0-449A-B017-D2B9A0D4C894}.Debug|Any CPU.ActiveCfg = Debug|Any CPU
		{B14C7495-4CD0-449A-B017-D2B9A0D4C894}.Debug|Any CPU.Build.0 = Debug|Any CPU
		{B14C7495-4CD0-449A-B017-D2B9A0D4C894}.Release|Any CPU.ActiveCfg = Release|Any CPU
		{B14C7495-4CD0-449A-B017-D2B9A0D4C894}.Release|Any CPU.Build.0 = Release|Any CPU
	EndGlobalSection
	GlobalSection(SolutionProperties) = preSolution
		HideSolutionNode = FALSE
	EndGlobalSection
	GlobalSection(ExtensibilityGlobals) = postSolution
		SolutionGuid = {A73A8182-B72F-4D9C-AF2C-A99F8EC823C6}
	EndGlobalSection
EndGlobal
