
Microsoft Visual Studio Solution File, Format Version 12.00
# Visual Studio Version 17
VisualStudioVersion = 17.3.32819.101
MinimumVisualStudioVersion = 10.0.40219.1
Project("{FAE04EC0-301F-11D3-BF4B-00C04F79EFBC}") = "WinFormsApp3", "WinFormsApp3\WinFormsApp3.csproj", "{C76F8407-B6F1-45A4-B5E3-9270F4466CF7}"
EndProject
Global
	GlobalSection(SolutionConfigurationPlatforms) = preSolution
		Debug|Any CPU = Debug|Any CPU
		Release|Any CPU = Release|Any CPU
	EndGlobalSection
	GlobalSection(ProjectConfigurationPlatforms) = postSolution
		{C76F8407-B6F1-45A4-B5E3-9270F4466CF7}.Debug|Any CPU.ActiveCfg = Debug|Any CPU
		{C76F8407-B6F1-45A4-B5E3-9270F4466CF7}.Debug|Any CPU.Build.0 = Debug|Any CPU
		{C76F8407-B6F1-45A4-B5E3-9270F4466CF7}.Release|Any CPU.ActiveCfg = Release|Any CPU
		{C76F8407-B6F1-45A4-B5E3-9270F4466CF7}.Release|Any CPU.Build.0 = Release|Any CPU
	EndGlobalSection
	GlobalSection(SolutionProperties) = preSolution
		HideSolutionNode = FALSE
	EndGlobalSection
	GlobalSection(ExtensibilityGlobals) = postSolution
		SolutionGuid = {8AC333A9-9400-4750-B1EA-17386279F6F8}
	EndGlobalSection
EndGlobal
