
Microsoft Visual Studio Solution File, Format Version 12.00
# Visual Studio Version 17
VisualStudioVersion = 17.3.32819.101
MinimumVisualStudioVersion = 10.0.40219.1
Project("{FAE04EC0-301F-11D3-BF4B-00C04F79EFBC}") = "BozuklukSayici", "BozuklukSayici\BozuklukSayici.csproj", "{220DADBF-EEC1-4200-B6F2-90AEF84C8612}"
EndProject
Global
	GlobalSection(SolutionConfigurationPlatforms) = preSolution
		Debug|Any CPU = Debug|Any CPU
		Release|Any CPU = Release|Any CPU
	EndGlobalSection
	GlobalSection(ProjectConfigurationPlatforms) = postSolution
		{220DADBF-EEC1-4200-B6F2-90AEF84C8612}.Debug|Any CPU.ActiveCfg = Debug|Any CPU
		{220DADBF-EEC1-4200-B6F2-90AEF84C8612}.Debug|Any CPU.Build.0 = Debug|Any CPU
		{220DADBF-EEC1-4200-B6F2-90AEF84C8612}.Release|Any CPU.ActiveCfg = Release|Any CPU
		{220DADBF-EEC1-4200-B6F2-90AEF84C8612}.Release|Any CPU.Build.0 = Release|Any CPU
	EndGlobalSection
	GlobalSection(SolutionProperties) = preSolution
		HideSolutionNode = FALSE
	EndGlobalSection
	GlobalSection(ExtensibilityGlobals) = postSolution
		SolutionGuid = {6E75FDEB-E34D-4597-955A-FCD4D179F7F5}
	EndGlobalSection
EndGlobal
