
Microsoft Visual Studio Solution File, Format Version 12.00
# Visual Studio Version 17
VisualStudioVersion = 17.3.32819.101
MinimumVisualStudioVersion = 10.0.40219.1
Project("{FAE04EC0-301F-11D3-BF4B-00C04F79EFBC}") = "GirisCikis", "GirisCikis\GirisCikis.csproj", "{7D1D62B2-E8F4-4A5B-8E51-3C43246641C8}"
EndProject
Global
	GlobalSection(SolutionConfigurationPlatforms) = preSolution
		Debug|Any CPU = Debug|Any CPU
		Release|Any CPU = Release|Any CPU
	EndGlobalSection
	GlobalSection(ProjectConfigurationPlatforms) = postSolution
		{7D1D62B2-E8F4-4A5B-8E51-3C43246641C8}.Debug|Any CPU.ActiveCfg = Debug|Any CPU
		{7D1D62B2-E8F4-4A5B-8E51-3C43246641C8}.Debug|Any CPU.Build.0 = Debug|Any CPU
		{7D1D62B2-E8F4-4A5B-8E51-3C43246641C8}.Release|Any CPU.ActiveCfg = Release|Any CPU
		{7D1D62B2-E8F4-4A5B-8E51-3C43246641C8}.Release|Any CPU.Build.0 = Release|Any CPU
	EndGlobalSection
	GlobalSection(SolutionProperties) = preSolution
		HideSolutionNode = FALSE
	EndGlobalSection
	GlobalSection(ExtensibilityGlobals) = postSolution
		SolutionGuid = {F4D59929-3DE1-43C9-A1D7-F1B628BF0E27}
	EndGlobalSection
EndGlobal
